<?xml version="1.0" encoding="utf-8"?>
<Project ToolsVersion="4.0" xmlns="http://schemas.microsoft.com/developer/msbuild/2003">
  <ItemGroup>
    <Filter Include="src">
      <UniqueIdentifier>{93995380-89BD-4b04-88EB-625FBE52EBFB}</UniqueIdentifier>
      <Extensions>h;hh;hpp;hxx;h++;hm;inl;inc;ipp;xsd</Extensions>
    </Filter>
    <Filter Include="env">
      <UniqueIdentifier>{41c715ea-db44-4cbb-ad48-78394ca77063}</UniqueIdentifier>
    </Filter>
  </ItemGroup>
  <ItemGroup>
    <ClCompile Include="src\animal_factory.c">
      <Filter>src</Filter>
    </ClCompile>
    <ClCompile Include="src\animal_test.c">
      <Filter>src</Filter>
    </ClCompile>
    <ClCompile Include="src\factory.c">
      <Filter>src</Filter>
    </ClCompile>
    <ClCompile Include="src\main.c">
      <Filter>src</Filter>
    </ClCompile>
    <ClCompile Include="src\pch.c">
      <Filter>env</Filter>
    </ClCompile>
  </ItemGroup>
  <ItemGroup>
    <ClInclude Include="src\animal_factory.h">
      <Filter>src</Filter>
    </ClInclude>
    <ClInclude Include="src\animal_test.h">
      <Filter>src</Filter>
    </ClInclude>
    <ClInclude Include="src\factory.h">
      <Filter>src</Filter>
    </ClInclude>
    <ClInclude Include="src\pch.h">
      <Filter>env</Filter>
    </ClInclude>
  </ItemGroup>
</Project>